{
  "nodes": {
    "catppuccin": {
      "inputs": {
        "nixpkgs": [
          "nixpkgs"
        ]
      },
      "locked": {
        "lastModified": 1776420287,
        "narHash": "sha256-0P2QyDM8R1FFww//TNDLTRVnVkQxVdbEVQiVuyD1SqY=",
        "ref": "main",
        "rev": "bdf0285dc7978ebd78b76054631d7ef05680895e",
        "shallow": true,
        "type": "git",
        "url": "https://github.com/catppuccin/nix.git"
      },
      "original": {
        "ref": "main",
        "shallow": true,
        "type": "git",
        "url": "https://github.com/catppuccin/nix.git"
      }
    },
    "crane": {
      "locked": {
        "lastModified": 1776396856,
        "narHash": "sha256-aRJpIJUlZLaf06ekPvqjuU46zvO9K90IxJGpbqodkPs=",
        "ref": "master",
        "rev": "28462d6d55c33206ffa5a56c7907ca3125ed788f",
        "shallow": true,
        "type": "git",
        "url": "https://github.com/ipetkov/crane"
      },
      "original": {
        "ref": "master",
        "shallow": true,
        "type": "git",
        "url": "https://github.com/ipetkov/crane"
      }
    },
    "flake-compat": {
      "flake": false,
      "locked": {
        "lastModified": 1767039857,
        "narHash": "sha256-vNpUSpF5Nuw8xvDLj2KCwwksIbjua2LZCqhV1LNRDns=",
        "ref": "master",
        "rev": "5edf11c44bc78a0d334f6334cdaf7d60d732daab",
        "shallow": true,
        "type": "git",
        "url": "https://github.com/NixOS/flake-compat"
      },
      "original": {
        "ref": "master",
        "shallow": true,
        "type": "git",
        "url": "https://github.com/NixOS/flake-compat"
      }
    },
    "gitignore": {
      "inputs": {
        "nixpkgs": [
          "nixpkgs"
        ]
      },
      "locked": {
        "lastModified": 1762808025,
        "narHash": "sha256-XmjITeZNMTQXGhhww6ed/Wacy2KzD6svioyCX7pkUu4=",
        "ref": "master",
        "rev": "cb5e3fdca1de58ccbc3ef53de65bd372b48f567c",
        "shallow": true,
        "type": "git",
        "url": "https://github.com/hercules-ci/gitignore.nix"
      },
      "original": {
        "ref": "master",
        "shallow": true,
        "type": "git",
        "url": "https://github.com/hercules-ci/gitignore.nix"
      }
    },
    "home-manager": {
      "inputs": {
        "nixpkgs": [
          "nixpkgs"
        ]
      },
      "locked": {
        "lastModified": 1776454077,
        "narHash": "sha256-7zSUFWsU0+jlD7WB3YAxQ84Z/iJurA5hKPm8EfEyGJk=",
        "ref": "master",
        "rev": "565e5349208fe7d0831ef959103c9bafbeac0681",
        "shallow": true,
        "type": "git",
        "url": "https://github.com/nix-community/home-manager.git"
      },
      "original": {
        "ref": "master",
        "shallow": true,
        "type": "git",
        "url": "https://github.com/nix-community/home-manager.git"
      }
    },
    "kestrix": {
      "inputs": {
        "home-manager": [
          "home-manager"
        ],
        "nixpkgs": [
          "nixpkgs"
        ],
        "nixpkgs-master": [
          "nixpkgs-master"
        ],
        "nixpkgs-stable": [
          "nixpkgs-stable"
        ],
        "nixpkgs-unstable": [
          "nixpkgs-unstable"
        ]
      },
      "locked": {
        "lastModified": 1776409176,
        "narHash": "sha256-XiU3D9l8mTN/TjG8aKGf2rljfmbRcceIC9Yir6p+uNs=",
        "ref": "main",
        "rev": "6f65edc779feb5870e9851af9362c5216e9a23a4",
        "shallow": true,
        "type": "git",
        "url": "https://github.com/KestrelsDevelopment/KestrIx.git"
      },
      "original": {
        "ref": "main",
        "shallow": true,
        "type": "git",
        "url": "https://github.com/KestrelsDevelopment/KestrIx.git"
      }
    },
    "lanzaboote": {
      "inputs": {
        "crane": [
          "crane"
        ],
        "nixpkgs": [
          "nixpkgs"
        ],
        "pre-commit": [
          "pre-commit"
        ],
        "rust-overlay": [
          "rust-overlay"
        ]
      },
      "locked": {
        "lastModified": 1776248416,
        "narHash": "sha256-TC6yzbCAex1pDfqUZv9u8fVm8e17ft5fNrcZ0JRDOIQ=",
        "ref": "master",
        "rev": "18e9e64bae15b828c092658335599122a6db939b",
        "shallow": true,
        "type": "git",
        "url": "https://github.com/nix-community/lanzaboote.git"
      },
      "original": {
        "ref": "master",
        "shallow": true,
        "type": "git",
        "url": "https://github.com/nix-community/lanzaboote.git"
      }
    },
    "nixpkgs": {
      "locked": {
        "lastModified": 1776169885,
        "narHash": "sha256-l/iNYDZ4bGOAFQY2q8y5OAfBBtrDAaPuRQqWaFHVRXM=",
        "ref": "nixos-unstable",
        "rev": "4bd9165a9165d7b5e33ae57f3eecbcb28fb231c9",
        "shallow": true,
        "type": "git",
        "url": "https://github.com/NixOS/nixpkgs.git"
      },
      "original": {
        "ref": "nixos-unstable",
        "shallow": true,
        "type": "git",
        "url": "https://github.com/NixOS/nixpkgs.git"
      }
    },
    "nixpkgs-master": {
      "locked": {
        "lastModified": 1776465111,
        "narHash": "sha256-KvFyYZy0q1cVxvi4NB1rFvDln1SpnTVhtHDoKyaaGl4=",
        "ref": "master",
        "rev": "26c2a4007eaeb79f51f74f8bc6f6b36db7abd1e2",
        "shallow": true,
        "type": "git",
        "url": "https://github.com/NixOS/nixpkgs.git"
      },
      "original": {
        "ref": "master",
        "shallow": true,
        "type": "git",
        "url": "https://github.com/NixOS/nixpkgs.git"
      }
    },
    "nixpkgs-stable": {
      "locked": {
        "lastModified": 1767313136,
        "narHash": "sha256-16KkgfdYqjaeRGBaYsNrhPRRENs0qzkQVUooNHtoy2w=",
        "ref": "nixos-25.05",
        "rev": "ac62194c3917d5f474c1a844b6fd6da2db95077d",
        "shallow": true,
        "type": "git",
        "url": "https://github.com/NixOS/nixpkgs.git"
      },
      "original": {
        "ref": "nixos-25.05",
        "shallow": true,
        "type": "git",
        "url": "https://github.com/NixOS/nixpkgs.git"
      }
    },
    "nixpkgs-unstable": {
      "locked": {
        "lastModified": 1776169885,
        "narHash": "sha256-l/iNYDZ4bGOAFQY2q8y5OAfBBtrDAaPuRQqWaFHVRXM=",
        "ref": "nixos-unstable",
        "rev": "4bd9165a9165d7b5e33ae57f3eecbcb28fb231c9",
        "shallow": true,
        "type": "git",
        "url": "https://github.com/NixOS/nixpkgs.git"
      },
      "original": {
        "ref": "nixos-unstable",
        "shallow": true,
        "type": "git",
        "url": "https://github.com/NixOS/nixpkgs.git"
      }
    },
    "pre-commit": {
      "inputs": {
        "flake-compat": [
          "flake-compat"
        ],
        "gitignore": [
          "gitignore"
        ],
        "nixpkgs": [
          "nixpkgs"
        ]
      },
      "locked": {
        "lastModified": 1775585728,
        "narHash": "sha256-8Psjt+TWvE4thRKktJsXfR6PA/fWWsZ04DVaY6PUhr4=",
        "ref": "master",
        "rev": "580633fa3fe5fc0379905986543fd7495481913d",
        "shallow": true,
        "type": "git",
        "url": "https://github.com/cachix/pre-commit-hooks.nix"
      },
      "original": {
        "ref": "master",
        "shallow": true,
        "type": "git",
        "url": "https://github.com/cachix/pre-commit-hooks.nix"
      }
    },
    "root": {
      "inputs": {
        "catppuccin": "catppuccin",
        "crane": "crane",
        "flake-compat": "flake-compat",
        "gitignore": "gitignore",
        "home-manager": "home-manager",
        "kestrix": "kestrix",
        "lanzaboote": "lanzaboote",
        "nixpkgs": "nixpkgs",
        "nixpkgs-master": "nixpkgs-master",
        "nixpkgs-stable": "nixpkgs-stable",
        "nixpkgs-unstable": "nixpkgs-unstable",
        "pre-commit": "pre-commit",
        "rust-overlay": "rust-overlay",
        "shell-sources": "shell-sources"
      }
    },
    "rust-overlay": {
      "inputs": {
        "nixpkgs": [
          "nixpkgs"
        ]
      },
      "locked": {
        "lastModified": 1776395632,
        "narHash": "sha256-Mi1uF5f2FsdBIvy+v7MtsqxD3Xjhd0ARJdwoqqqPtJo=",
        "ref": "master",
        "rev": "8087ff1f47fff983a1fba70fa88b759f2fd8ae97",
        "shallow": true,
        "type": "git",
        "url": "https://github.com/oxalica/rust-overlay"
      },
      "original": {
        "ref": "master",
        "shallow": true,
        "type": "git",
        "url": "https://github.com/oxalica/rust-overlay"
      }
    },
    "shell-sources": {
      "inputs": {
        "nixpkgs": [
          "nixpkgs"
        ]
      },
      "locked": {
        "lastModified": 1770334905,
        "narHash": "sha256-CWXZEF1DhXummYPMNdXwf7+8YetL3QPuDuvJ3JHd6Ck=",
        "ref": "main",
        "rev": "0437b54c07a67c041a18abd46d5030282fa51118",
        "shallow": true,
        "type": "git",
        "url": "https://github.com/AceOfKestrels/shell-sources.git"
      },
      "original": {
        "ref": "main",
        "shallow": true,
        "type": "git",
        "url": "https://github.com/AceOfKestrels/shell-sources.git"
      }
    }
  },
  "root": "root",
  "version": 7
}
