{
  "nodes": {
    "catppuccin": {
      "inputs": {
        "nixpkgs": [
          "nixpkgs"
        ]
      },
      "locked": {
        "lastModified": 1768575137,
        "narHash": "sha256-e0SsKnkSnq+UwZNS9ZyPJjTjabzq9TRc1hqeDnvOF1Q=",
        "ref": "main",
        "rev": "48e67b4ad22072f1ae30b0ed8e1cb020cf06c611",
        "shallow": true,
        "type": "git",
        "url": "https://github.com/catppuccin/nix.git"
      },
      "original": {
        "ref": "main",
        "shallow": true,
        "type": "git",
        "url": "https://github.com/catppuccin/nix.git"
      }
    },
    "crane": {
      "locked": {
        "lastModified": 1769287525,
        "narHash": "sha256-gABuYA6BzoRMLuPaeO5p7SLrpd4qExgkwEmYaYQY4bM=",
        "ref": "master",
        "rev": "0314e365877a85c9e5758f9ea77a9972afbb4c21",
        "shallow": true,
        "type": "git",
        "url": "https://github.com/ipetkov/crane"
      },
      "original": {
        "ref": "master",
        "shallow": true,
        "type": "git",
        "url": "https://github.com/ipetkov/crane"
      }
    },
    "flake-compat": {
      "flake": false,
      "locked": {
        "lastModified": 1767039857,
        "narHash": "sha256-vNpUSpF5Nuw8xvDLj2KCwwksIbjua2LZCqhV1LNRDns=",
        "owner": "NixOS",
        "repo": "flake-compat",
        "rev": "5edf11c44bc78a0d334f6334cdaf7d60d732daab",
        "type": "github"
      },
      "original": {
        "owner": "NixOS",
        "repo": "flake-compat",
        "type": "github"
      }
    },
    "gitignore": {
      "inputs": {
        "nixpkgs": [
          "pre-commit",
          "nixpkgs"
        ]
      },
      "locked": {
        "lastModified": 1709087332,
        "narHash": "sha256-HG2cCnktfHsKV0s4XW83gU3F57gaTljL9KNSuG6bnQs=",
        "owner": "hercules-ci",
        "repo": "gitignore.nix",
        "rev": "637db329424fd7e46cf4185293b9cc8c88c95394",
        "type": "github"
      },
      "original": {
        "owner": "hercules-ci",
        "repo": "gitignore.nix",
        "type": "github"
      }
    },
    "home-manager": {
      "inputs": {
        "nixpkgs": [
          "nixpkgs"
        ]
      },
      "locked": {
        "lastModified": 1768798936,
        "narHash": "sha256-eHld4id3TeD9Sxx5vgv58BnTl1fz+ewIKspz/kEoAE8=",
        "ref": "master",
        "rev": "2954aa29441a1a98901362e4d35515875761ad65",
        "shallow": true,
        "type": "git",
        "url": "https://github.com/nix-community/home-manager.git"
      },
      "original": {
        "ref": "master",
        "shallow": true,
        "type": "git",
        "url": "https://github.com/nix-community/home-manager.git"
      }
    },
    "kestrix": {
      "inputs": {
        "home-manager": [
          "home-manager"
        ],
        "nixpkgs": [
          "nixpkgs"
        ],
        "nixpkgs-master": [
          "nixpkgs-master"
        ],
        "nixpkgs-stable": [
          "nixpkgs-stable"
        ],
        "nixpkgs-unstable": [
          "nixpkgs-unstable"
        ]
      },
      "locked": {
        "lastModified": 1768733740,
        "narHash": "sha256-b4ZEaLgqvWS/Atljr+7yW3s4sb9Xf5liWTsmPUva8eI=",
        "ref": "main",
        "rev": "a1b0e2e63be9a755c4d1ee4f5186cca00d416cd5",
        "shallow": true,
        "type": "git",
        "url": "https://github.com/KestrelsDevelopment/KestrIx.git"
      },
      "original": {
        "ref": "main",
        "shallow": true,
        "type": "git",
        "url": "https://github.com/KestrelsDevelopment/KestrIx.git"
      }
    },
    "lanzaboote": {
      "inputs": {
        "crane": [
          "crane"
        ],
        "nixpkgs": [
          "nixpkgs"
        ],
        "pre-commit": [
          "pre-commit"
        ],
        "rust-overlay": [
          "rust-overlay"
        ]
      },
      "locked": {
        "lastModified": 1768307256,
        "narHash": "sha256-3yDvlAqWa0Vk3B9hFRJJrSs1xc+FwVQFLtu//VrTR4c=",
        "ref": "master",
        "rev": "7e031eb535a494582f4fc58735b5aecba7b57058",
        "shallow": true,
        "type": "git",
        "url": "https://github.com/nix-community/lanzaboote.git"
      },
      "original": {
        "ref": "master",
        "shallow": true,
        "type": "git",
        "url": "https://github.com/nix-community/lanzaboote.git"
      }
    },
    "nixpkgs": {
      "locked": {
        "lastModified": 1768564909,
        "narHash": "sha256-Kell/SpJYVkHWMvnhqJz/8DqQg2b6PguxVWOuadbHCc=",
        "ref": "nixos-unstable",
        "rev": "e4bae1bd10c9c57b2cf517953ab70060a828ee6f",
        "shallow": true,
        "type": "git",
        "url": "https://github.com/NixOS/nixpkgs.git"
      },
      "original": {
        "ref": "nixos-unstable",
        "shallow": true,
        "type": "git",
        "url": "https://github.com/NixOS/nixpkgs.git"
      }
    },
    "nixpkgs-master": {
      "locked": {
        "lastModified": 1768813917,
        "narHash": "sha256-y/4IT+/ORL3mtHHeD5qtxpaZXl8gye0a0jNYlFTXYJ4=",
        "ref": "master",
        "rev": "b14e337e4a8e339d4526f3302ef4935a215e5894",
        "shallow": true,
        "type": "git",
        "url": "https://github.com/NixOS/nixpkgs.git"
      },
      "original": {
        "ref": "master",
        "shallow": true,
        "type": "git",
        "url": "https://github.com/NixOS/nixpkgs.git"
      }
    },
    "nixpkgs-stable": {
      "locked": {
        "lastModified": 1767313136,
        "narHash": "sha256-16KkgfdYqjaeRGBaYsNrhPRRENs0qzkQVUooNHtoy2w=",
        "ref": "nixos-25.05",
        "rev": "ac62194c3917d5f474c1a844b6fd6da2db95077d",
        "shallow": true,
        "type": "git",
        "url": "https://github.com/NixOS/nixpkgs.git"
      },
      "original": {
        "ref": "nixos-25.05",
        "shallow": true,
        "type": "git",
        "url": "https://github.com/NixOS/nixpkgs.git"
      }
    },
    "nixpkgs-unstable": {
      "locked": {
        "lastModified": 1768564909,
        "narHash": "sha256-Kell/SpJYVkHWMvnhqJz/8DqQg2b6PguxVWOuadbHCc=",
        "ref": "nixos-unstable",
        "rev": "e4bae1bd10c9c57b2cf517953ab70060a828ee6f",
        "shallow": true,
        "type": "git",
        "url": "https://github.com/NixOS/nixpkgs.git"
      },
      "original": {
        "ref": "nixos-unstable",
        "shallow": true,
        "type": "git",
        "url": "https://github.com/NixOS/nixpkgs.git"
      }
    },
    "pre-commit": {
      "inputs": {
        "flake-compat": "flake-compat",
        "gitignore": "gitignore",
        "nixpkgs": [
          "nixpkgs"
        ]
      },
      "locked": {
        "lastModified": 1769069492,
        "narHash": "sha256-Efs3VUPelRduf3PpfPP2ovEB4CXT7vHf8W+xc49RL/U=",
        "ref": "master",
        "rev": "a1ef738813b15cf8ec759bdff5761b027e3e1d23",
        "shallow": true,
        "type": "git",
        "url": "https://github.com/cachix/pre-commit-hooks.nix"
      },
      "original": {
        "ref": "master",
        "shallow": true,
        "type": "git",
        "url": "https://github.com/cachix/pre-commit-hooks.nix"
      }
    },
    "root": {
      "inputs": {
        "catppuccin": "catppuccin",
        "crane": "crane",
        "home-manager": "home-manager",
        "kestrix": "kestrix",
        "lanzaboote": "lanzaboote",
        "nixpkgs": "nixpkgs",
        "nixpkgs-master": "nixpkgs-master",
        "nixpkgs-stable": "nixpkgs-stable",
        "nixpkgs-unstable": "nixpkgs-unstable",
        "pre-commit": "pre-commit",
        "rust-overlay": "rust-overlay",
        "shell-sources": "shell-sources"
      }
    },
    "rust-overlay": {
      "inputs": {
        "nixpkgs": [
          "nixpkgs"
        ]
      },
      "locked": {
        "lastModified": 1769309768,
        "narHash": "sha256-AbOIlNO+JoqRJkK1VrnDXhxuX6CrdtIu2hSuy4pxi3g=",
        "ref": "master",
        "rev": "140c9dc582cb73ada2d63a2180524fcaa744fad5",
        "shallow": true,
        "type": "git",
        "url": "https://github.com/oxalica/rust-overlay"
      },
      "original": {
        "ref": "master",
        "shallow": true,
        "type": "git",
        "url": "https://github.com/oxalica/rust-overlay"
      }
    },
    "shell-sources": {
      "inputs": {
        "nixpkgs": [
          "nixpkgs"
        ]
      },
      "locked": {
        "lastModified": 1765748415,
        "narHash": "sha256-9S/ipfAhplDOzf832jIzgHJ/OkNEqSQoDS8/+Yr9tdQ=",
        "ref": "main",
        "rev": "070e274f8cc0e23f27f77159e52c91e786347679",
        "shallow": true,
        "type": "git",
        "url": "https://github.com/AceOfKestrels/shell-sources.git"
      },
      "original": {
        "ref": "main",
        "shallow": true,
        "type": "git",
        "url": "https://github.com/AceOfKestrels/shell-sources.git"
      }
    }
  },
  "root": "root",
  "version": 7
}
