{
  "nodes": {
    "catppuccin": {
      "inputs": {
        "nixpkgs": [
          "nixpkgs"
        ]
      },
      "locked": {
        "lastModified": 1760009352,
        "narHash": "sha256-VGR+U4hZ1q3RU4rTF9H9mlbN2q0IDkCLLMBoyrovRIA=",
        "owner": "catppuccin",
        "repo": "nix",
        "rev": "c8d5931c4f69d6a019a3945663f7cb7a7ab484e7",
        "type": "github"
      },
      "original": {
        "owner": "catppuccin",
        "repo": "nix",
        "type": "github"
      }
    },
    "home-manager": {
      "inputs": {
        "nixpkgs": [
          "nixpkgs"
        ]
      },
      "locked": {
        "lastModified": 1760061988,
        "narHash": "sha256-CeuMo7fjWm3XaoK+b1PGyaVIlE1GHudoxk9jrJFvfbY=",
        "owner": "nix-community",
        "repo": "home-manager",
        "rev": "c7f4214faca2f196c551b767c12a70bfa0614510",
        "type": "github"
      },
      "original": {
        "owner": "nix-community",
        "repo": "home-manager",
        "type": "github"
      }
    },
    "nixpkgs": {
      "locked": {
        "lastModified": 1759831965,
        "narHash": "sha256-vgPm2xjOmKdZ0xKA6yLXPJpjOtQPHfaZDRtH+47XEBo=",
        "owner": "NixOS",
        "repo": "nixpkgs",
        "rev": "c9b6fb798541223bbb396d287d16f43520250518",
        "type": "github"
      },
      "original": {
        "owner": "NixOS",
        "ref": "nixos-unstable",
        "repo": "nixpkgs",
        "type": "github"
      }
    },
    "root": {
      "inputs": {
        "catppuccin": "catppuccin",
        "home-manager": "home-manager",
        "nixpkgs": "nixpkgs",
        "shell-sources": "shell-sources"
      }
    },
    "shell-sources": {
      "inputs": {
        "nixpkgs": [
          "nixpkgs"
        ]
      },
      "locked": {
        "lastModified": 1759509897,
        "narHash": "sha256-HbY+LYUFoc2JLGWetmmFWJc/6Tcg4PaPLeHe6+6pmpc=",
        "owner": "AceOfKestrels",
        "repo": "shell-sources",
        "rev": "d554ac79ed5e696e6425dba8e73f815ebb4d68a3",
        "type": "github"
      },
      "original": {
        "owner": "AceOfKestrels",
        "repo": "shell-sources",
        "type": "github"
      }
    }
  },
  "root": "root",
  "version": 7
}
