{
  "nodes": {
    "catppuccin": {
      "inputs": {
        "nixpkgs": [
          "nixpkgs"
        ]
      },
      "locked": {
        "lastModified": 1760692571,
        "narHash": "sha256-SgqC+B7F7hHDKug+zRUL83vhibCSknzhRl0+OxUYjn4=",
        "owner": "catppuccin",
        "repo": "nix",
        "rev": "8a084b86b6a4b2a1575e8cc67e07c4a687fce276",
        "type": "github"
      },
      "original": {
        "owner": "catppuccin",
        "repo": "nix",
        "type": "github"
      }
    },
    "home-manager": {
      "inputs": {
        "nixpkgs": [
          "kestrix",
          "nixpkgs"
        ]
      },
      "locked": {
        "lastModified": 1760662441,
        "narHash": "sha256-mlDqR1Ntgs9uYYEAUR1IhamKBO0lxoNS4zGLzEZaY0A=",
        "owner": "nix-community",
        "repo": "home-manager",
        "rev": "722792af097dff5790f1a66d271a47759f477755",
        "type": "github"
      },
      "original": {
        "owner": "nix-community",
        "repo": "home-manager",
        "type": "github"
      }
    },
    "kestrix": {
      "inputs": {
        "home-manager": "home-manager",
        "nixpkgs": [
          "nixpkgs"
        ]
      },
      "locked": {
        "lastModified": 1760723616,
        "narHash": "sha256-rjRdYHm3Yc5WZ6myqqW/PdQZFoZ/Md75Jwkt1s55CKQ=",
        "owner": "KestrelsDevelopment",
        "repo": "KestrIx",
        "rev": "146e6e76b9ca7cb5119c611ab179431796996aa7",
        "type": "github"
      },
      "original": {
        "owner": "KestrelsDevelopment",
        "repo": "KestrIx",
        "type": "github"
      }
    },
    "nixpkgs": {
      "locked": {
        "lastModified": 1760524057,
        "narHash": "sha256-EVAqOteLBFmd7pKkb0+FIUyzTF61VKi7YmvP1tw4nEw=",
        "owner": "NixOS",
        "repo": "nixpkgs",
        "rev": "544961dfcce86422ba200ed9a0b00dd4b1486ec5",
        "type": "github"
      },
      "original": {
        "owner": "NixOS",
        "ref": "nixos-unstable",
        "repo": "nixpkgs",
        "type": "github"
      }
    },
    "root": {
      "inputs": {
        "catppuccin": "catppuccin",
        "kestrix": "kestrix",
        "nixpkgs": "nixpkgs",
        "shell-sources": "shell-sources"
      }
    },
    "shell-sources": {
      "inputs": {
        "nixpkgs": [
          "nixpkgs"
        ]
      },
      "locked": {
        "lastModified": 1759509897,
        "narHash": "sha256-HbY+LYUFoc2JLGWetmmFWJc/6Tcg4PaPLeHe6+6pmpc=",
        "owner": "AceOfKestrels",
        "repo": "shell-sources",
        "rev": "d554ac79ed5e696e6425dba8e73f815ebb4d68a3",
        "type": "github"
      },
      "original": {
        "owner": "AceOfKestrels",
        "repo": "shell-sources",
        "type": "github"
      }
    }
  },
  "root": "root",
  "version": 7
}
