{
  "nodes": {
    "catppuccin": {
      "inputs": {
        "nixpkgs": [
          "nixpkgs"
        ]
      },
      "locked": {
        "lastModified": 1757320803,
        "narHash": "sha256-7PUIQOMQSJLkNtV42SAYUDw0mRdbBNl6q8pLN8GViwM=",
        "owner": "catppuccin",
        "repo": "nix",
        "rev": "d75e3fe67f49728cb5035bc791f4b9065ff3a2c9",
        "type": "github"
      },
      "original": {
        "owner": "catppuccin",
        "repo": "nix",
        "type": "github"
      }
    },
    "home-manager": {
      "inputs": {
        "nixpkgs": [
          "nixpkgs"
        ]
      },
      "locked": {
        "lastModified": 1757256385,
        "narHash": "sha256-WK7tOhWwr15mipcckhDg2no/eSpM1nIh4C9le8HgHhk=",
        "owner": "nix-community",
        "repo": "home-manager",
        "rev": "f35703b412c67b48e97beb6e27a6ab96a084cd37",
        "type": "github"
      },
      "original": {
        "owner": "nix-community",
        "repo": "home-manager",
        "type": "github"
      }
    },
    "nixpkgs": {
      "locked": {
        "lastModified": 1757361843,
        "narHash": "sha256-yXsm79w/i6N+og2yhEWMAmlYk4LY0yIO/li3ix8owQc=",
        "owner": "NixOS",
        "repo": "nixpkgs",
        "rev": "47354c3040be2936c6178883fae87dd65372b8d5",
        "type": "github"
      },
      "original": {
        "owner": "NixOS",
        "ref": "master",
        "repo": "nixpkgs",
        "type": "github"
      }
    },
    "plasma-manager": {
      "inputs": {
        "home-manager": [
          "home-manager"
        ],
        "nixpkgs": [
          "nixpkgs"
        ]
      },
      "locked": {
        "lastModified": 1756632588,
        "narHash": "sha256-ydam6eggXf3ZwRutyCABwSbMAlX+5lW6w1SVZQ+kfSo=",
        "owner": "nix-community",
        "repo": "plasma-manager",
        "rev": "d47428e5390d6a5a8f764808a4db15929347cd77",
        "type": "github"
      },
      "original": {
        "owner": "nix-community",
        "repo": "plasma-manager",
        "type": "github"
      }
    },
    "root": {
      "inputs": {
        "catppuccin": "catppuccin",
        "home-manager": "home-manager",
        "nixpkgs": "nixpkgs",
        "plasma-manager": "plasma-manager"
      }
    }
  },
  "root": "root",
  "version": 7
}
