{
  "nodes": {
    "catppuccin": {
      "inputs": {
        "nixpkgs": [
          "nixpkgs"
        ]
      },
      "locked": {
        "lastModified": 1764885363,
        "narHash": "sha256-P6UHmw6enwxmP5wP4Lv722+tgpq1PFDAPAdtj7l/16U=",
        "ref": "main",
        "rev": "95042630028d613080393e0f03c694b77883c7db",
        "shallow": true,
        "type": "git",
        "url": "https://github.com/catppuccin/nix.git"
      },
      "original": {
        "ref": "main",
        "shallow": true,
        "type": "git",
        "url": "https://github.com/catppuccin/nix.git"
      }
    },
    "home-manager": {
      "inputs": {
        "nixpkgs": [
          "nixpkgs"
        ]
      },
      "locked": {
        "lastModified": 1765337252,
        "narHash": "sha256-HuWQp8fM25fyWflbuunQkQI62Hg0ecJxWD52FAgmxqY=",
        "ref": "master",
        "rev": "13cc1efd78b943b98c08d74c9060a5b59bf86921",
        "shallow": true,
        "type": "git",
        "url": "https://github.com/nix-community/home-manager.git"
      },
      "original": {
        "ref": "master",
        "shallow": true,
        "type": "git",
        "url": "https://github.com/nix-community/home-manager.git"
      }
    },
    "kestrix": {
      "inputs": {
        "home-manager": [
          "home-manager"
        ],
        "nixpkgs": [
          "nixpkgs"
        ],
        "nixpkgs-master": [
          "nixpkgs-master"
        ],
        "nixpkgs-stable": [
          "nixpkgs-stable"
        ],
        "nixpkgs-unstable": [
          "nixpkgs-unstable"
        ]
      },
      "locked": {
        "lastModified": 1763123910,
        "narHash": "sha256-PB62DQ6z7xqFCk/WCLstXbMUrNhpCpcZmBLPuQ5tw04=",
        "ref": "dev",
        "rev": "45f5565fd38d7dccbfe52552ac58bf3bee57ae98",
        "shallow": true,
        "type": "git",
        "url": "https://github.com/KestrelsDevelopment/KestrIx.git"
      },
      "original": {
        "ref": "dev",
        "shallow": true,
        "type": "git",
        "url": "https://github.com/KestrelsDevelopment/KestrIx.git"
      }
    },
    "nixpkgs": {
      "locked": {
        "lastModified": 1765186076,
        "narHash": "sha256-hM20uyap1a0M9d344I692r+ik4gTMyj60cQWO+hAYP8=",
        "ref": "nixos-unstable",
        "rev": "addf7cf5f383a3101ecfba091b98d0a1263dc9b8",
        "shallow": true,
        "type": "git",
        "url": "https://github.com/NixOS/nixpkgs.git"
      },
      "original": {
        "ref": "nixos-unstable",
        "shallow": true,
        "type": "git",
        "url": "https://github.com/NixOS/nixpkgs.git"
      }
    },
    "nixpkgs-master": {
      "locked": {
        "lastModified": 1765406854,
        "narHash": "sha256-HRWU6bH3E2cHz57mKhFYGv1eY16xXyng3YT/GEus6Rw=",
        "ref": "master",
        "rev": "4e02884863e34f069c98c11ec51c2ae2a1fded28",
        "shallow": true,
        "type": "git",
        "url": "https://github.com/NixOS/nixpkgs.git"
      },
      "original": {
        "ref": "master",
        "shallow": true,
        "type": "git",
        "url": "https://github.com/NixOS/nixpkgs.git"
      }
    },
    "nixpkgs-stable": {
      "locked": {
        "lastModified": 1764939437,
        "narHash": "sha256-4TLFHUwXraw9Df5mXC/vCrJgb50CRr3CzUzF0Mn3CII=",
        "ref": "nixos-25.05",
        "rev": "00d2457e2f608b4be6fe8b470b0a36816324b0ae",
        "shallow": true,
        "type": "git",
        "url": "https://github.com/NixOS/nixpkgs.git"
      },
      "original": {
        "ref": "nixos-25.05",
        "shallow": true,
        "type": "git",
        "url": "https://github.com/NixOS/nixpkgs.git"
      }
    },
    "root": {
      "inputs": {
        "catppuccin": "catppuccin",
        "home-manager": "home-manager",
        "kestrix": "kestrix",
        "nixpkgs": "nixpkgs",
        "nixpkgs-master": "nixpkgs-master",
        "nixpkgs-stable": "nixpkgs-stable",
        "nixpkgs-unstable": [
          "nixpkgs"
        ],
        "shell-sources": "shell-sources"
      }
    },
    "shell-sources": {
      "inputs": {
        "nixpkgs": [
          "nixpkgs"
        ]
      },
      "locked": {
        "lastModified": 1763580531,
        "narHash": "sha256-aWXpI+Q/a6LNvnKt/AIgCiPiV1+qCIjON0eb9goqbjw=",
        "ref": "main",
        "rev": "6be6f7edf0351256a270651bb30e9e418338e118",
        "shallow": true,
        "type": "git",
        "url": "https://github.com/AceOfKestrels/shell-sources.git"
      },
      "original": {
        "ref": "main",
        "shallow": true,
        "type": "git",
        "url": "https://github.com/AceOfKestrels/shell-sources.git"
      }
    }
  },
  "root": "root",
  "version": 7
}
