{
  "nodes": {
    "catppuccin": {
      "inputs": {
        "nixpkgs": [
          "nixpkgs"
        ]
      },
      "locked": {
        "lastModified": 1767967164,
        "narHash": "sha256-Cx4VETh9dGoQYDtWhre7g66d7SAr+h1h6f+SSHxVrck=",
        "ref": "main",
        "rev": "e973584280e3b0e1d5b5a1a5e9948dc222c54af7",
        "shallow": true,
        "type": "git",
        "url": "https://github.com/catppuccin/nix.git"
      },
      "original": {
        "ref": "main",
        "shallow": true,
        "type": "git",
        "url": "https://github.com/catppuccin/nix.git"
      }
    },
    "home-manager": {
      "inputs": {
        "nixpkgs": [
          "nixpkgs"
        ]
      },
      "locked": {
        "lastModified": 1768018810,
        "narHash": "sha256-WREj1ZQ2wSGtyPAhQJ3SX/7PJ29PNKv04h/7NgqUS+M=",
        "ref": "master",
        "rev": "7c5d9345ad7cc38832cd4007f5cd03daad64d75b",
        "shallow": true,
        "type": "git",
        "url": "https://github.com/nix-community/home-manager.git"
      },
      "original": {
        "ref": "master",
        "shallow": true,
        "type": "git",
        "url": "https://github.com/nix-community/home-manager.git"
      }
    },
    "kestrix": {
      "inputs": {
        "home-manager": [
          "home-manager"
        ],
        "nixpkgs": [
          "nixpkgs"
        ],
        "nixpkgs-master": [
          "nixpkgs-master"
        ],
        "nixpkgs-stable": [
          "nixpkgs-stable"
        ],
        "nixpkgs-unstable": [
          "nixpkgs-unstable"
        ]
      },
      "locked": {
        "lastModified": 1763123910,
        "narHash": "sha256-PB62DQ6z7xqFCk/WCLstXbMUrNhpCpcZmBLPuQ5tw04=",
        "ref": "dev",
        "rev": "45f5565fd38d7dccbfe52552ac58bf3bee57ae98",
        "shallow": true,
        "type": "git",
        "url": "https://github.com/KestrelsDevelopment/KestrIx.git"
      },
      "original": {
        "ref": "dev",
        "shallow": true,
        "type": "git",
        "url": "https://github.com/KestrelsDevelopment/KestrIx.git"
      }
    },
    "nixpkgs": {
      "locked": {
        "lastModified": 1767892417,
        "narHash": "sha256-dhhvQY67aboBk8b0/u0XB6vwHdgbROZT3fJAjyNh5Ww=",
        "ref": "nixos-unstable",
        "rev": "3497aa5c9457a9d88d71fa93a4a8368816fbeeba",
        "shallow": true,
        "type": "git",
        "url": "https://github.com/NixOS/nixpkgs.git"
      },
      "original": {
        "ref": "nixos-unstable",
        "shallow": true,
        "type": "git",
        "url": "https://github.com/NixOS/nixpkgs.git"
      }
    },
    "nixpkgs-master": {
      "locked": {
        "lastModified": 1768049042,
        "narHash": "sha256-gYbCYxkZVqDAQytg1zRRZJNfmwlWKICz90Oj8cdvPdA=",
        "ref": "master",
        "rev": "1cfde673a60f731228439c57f0922529a0252fbf",
        "shallow": true,
        "type": "git",
        "url": "https://github.com/NixOS/nixpkgs.git"
      },
      "original": {
        "ref": "master",
        "shallow": true,
        "type": "git",
        "url": "https://github.com/NixOS/nixpkgs.git"
      }
    },
    "nixpkgs-stable": {
      "locked": {
        "lastModified": 1767313136,
        "narHash": "sha256-16KkgfdYqjaeRGBaYsNrhPRRENs0qzkQVUooNHtoy2w=",
        "ref": "nixos-25.05",
        "rev": "ac62194c3917d5f474c1a844b6fd6da2db95077d",
        "shallow": true,
        "type": "git",
        "url": "https://github.com/NixOS/nixpkgs.git"
      },
      "original": {
        "ref": "nixos-25.05",
        "shallow": true,
        "type": "git",
        "url": "https://github.com/NixOS/nixpkgs.git"
      }
    },
    "root": {
      "inputs": {
        "catppuccin": "catppuccin",
        "home-manager": "home-manager",
        "kestrix": "kestrix",
        "nixpkgs": "nixpkgs",
        "nixpkgs-master": "nixpkgs-master",
        "nixpkgs-stable": "nixpkgs-stable",
        "nixpkgs-unstable": [
          "nixpkgs"
        ],
        "shell-sources": "shell-sources"
      }
    },
    "shell-sources": {
      "inputs": {
        "nixpkgs": [
          "nixpkgs"
        ]
      },
      "locked": {
        "lastModified": 1765748415,
        "narHash": "sha256-9S/ipfAhplDOzf832jIzgHJ/OkNEqSQoDS8/+Yr9tdQ=",
        "ref": "main",
        "rev": "070e274f8cc0e23f27f77159e52c91e786347679",
        "shallow": true,
        "type": "git",
        "url": "https://github.com/AceOfKestrels/shell-sources.git"
      },
      "original": {
        "ref": "main",
        "shallow": true,
        "type": "git",
        "url": "https://github.com/AceOfKestrels/shell-sources.git"
      }
    }
  },
  "root": "root",
  "version": 7
}
