{
  "nodes": {
    "home-manager": {
      "inputs": {
        "nixpkgs": [
          "nixpkgs"
        ]
      },
      "locked": {
        "lastModified": 1783099620,
        "narHash": "sha256-prQSM9PGnrfSaqknJOZ3DCQKbpMiXAWLVC5SHbjLcJ4=",
        "ref": "master",
        "rev": "b2e4390ff35319c52935d6a700b615da4c0f204d",
        "shallow": true,
        "type": "git",
        "url": "https://github.com/nix-community/home-manager.git"
      },
      "original": {
        "ref": "master",
        "shallow": true,
        "type": "git",
        "url": "https://github.com/nix-community/home-manager.git"
      }
    },
    "kestrix": {
      "inputs": {
        "home-manager": [
          "home-manager"
        ],
        "nixpkgs": [
          "nixpkgs"
        ],
        "nixpkgs-master": [
          "nixpkgs-master"
        ],
        "nixpkgs-stable": [
          "nixpkgs-stable"
        ],
        "nixpkgs-unstable": [
          "nixpkgs-unstable"
        ]
      },
      "locked": {
        "lastModified": 1783066468,
        "narHash": "sha256-ea3+6JJeSeF8j7ICdw6wGNyknU0XBp0Eb3jr+8lefMo=",
        "ref": "main",
        "rev": "4e10b335bb5dc7ea5c2daf5fd58540a26e63111f",
        "shallow": true,
        "type": "git",
        "url": "https://github.com/KestrelsDevelopment/KestrIx.git"
      },
      "original": {
        "ref": "main",
        "shallow": true,
        "type": "git",
        "url": "https://github.com/KestrelsDevelopment/KestrIx.git"
      }
    },
    "nixpkgs": {
      "locked": {
        "lastModified": 1782723713,
        "narHash": "sha256-oPXCU/SSUokcGaJREHibG1CBX3+s/W7orDWQOZDsEeQ=",
        "ref": "nixos-unstable",
        "rev": "b5aa0fbd538984f6e3d201be0005b4463d8b09f8",
        "shallow": true,
        "type": "git",
        "url": "https://github.com/NixOS/nixpkgs.git"
      },
      "original": {
        "ref": "nixos-unstable",
        "shallow": true,
        "type": "git",
        "url": "https://github.com/NixOS/nixpkgs.git"
      }
    },
    "nixpkgs-master": {
      "locked": {
        "lastModified": 1783109318,
        "narHash": "sha256-rygQL9qHa0AVz5KNxX5RT82deh8aFyjH84bsc5/IhSw=",
        "ref": "master",
        "rev": "1d3a746dc800495cef551ba041fcd750385a1010",
        "shallow": true,
        "type": "git",
        "url": "https://github.com/NixOS/nixpkgs.git"
      },
      "original": {
        "ref": "master",
        "shallow": true,
        "type": "git",
        "url": "https://github.com/NixOS/nixpkgs.git"
      }
    },
    "nixpkgs-stable": {
      "locked": {
        "lastModified": 1767313136,
        "narHash": "sha256-16KkgfdYqjaeRGBaYsNrhPRRENs0qzkQVUooNHtoy2w=",
        "ref": "nixos-25.05",
        "rev": "ac62194c3917d5f474c1a844b6fd6da2db95077d",
        "shallow": true,
        "type": "git",
        "url": "https://github.com/NixOS/nixpkgs.git"
      },
      "original": {
        "ref": "nixos-25.05",
        "shallow": true,
        "type": "git",
        "url": "https://github.com/NixOS/nixpkgs.git"
      }
    },
    "root": {
      "inputs": {
        "home-manager": "home-manager",
        "kestrix": "kestrix",
        "nixpkgs": "nixpkgs",
        "nixpkgs-master": "nixpkgs-master",
        "nixpkgs-stable": "nixpkgs-stable",
        "nixpkgs-unstable": [
          "nixpkgs"
        ],
        "shell-sources": "shell-sources"
      }
    },
    "shell-sources": {
      "inputs": {
        "nixpkgs": [
          "nixpkgs"
        ]
      },
      "locked": {
        "lastModified": 1778705940,
        "narHash": "sha256-OKmBMvA/8FckkoB2rnn0J/n02CNIY1kdC3L4/3Qgl3M=",
        "ref": "main",
        "rev": "6dc8bf7c71984d237c397ad889492211fb6831f2",
        "shallow": true,
        "type": "git",
        "url": "https://github.com/AceOfKestrels/shell-sources.git"
      },
      "original": {
        "ref": "main",
        "shallow": true,
        "type": "git",
        "url": "https://github.com/AceOfKestrels/shell-sources.git"
      }
    }
  },
  "root": "root",
  "version": 7
}
